
Microsoft Visual Studio Solution File, Format Version 12.00
# Visual Studio 2013
VisualStudioVersion = 12.0.40629.0
MinimumVisualStudioVersion = 10.0.40219.1
Project("{FAE04EC0-301F-11D3-BF4B-00C04F79EFBC}") = "Starts2000.TaoBaoTool", "Starts2000.TaoBaoTool\Starts2000.TaoBaoTool.csproj", "{87EFF11E-2F7E-4542-BB12-C20F21961337}"
EndProject
Project("{FAE04EC0-301F-11D3-BF4B-00C04F79EFBC}") = "Starts2000.TaoBao.Views", "Starts2000.TaoBao.Views\Starts2000.TaoBao.Views.csproj", "{0B69F6B4-1B58-40F0-ACD7-85143774AE9C}"
EndProject
Project("{FAE04EC0-301F-11D3-BF4B-00C04F79EFBC}") = "Starts2000.TaoBao.Core", "Starts2000.TaoBao.Core\Starts2000.TaoBao.Core.csproj", "{442BC34E-8250-4B0E-B0F3-454933D88BCB}"
EndProject
Project("{FAE04EC0-301F-11D3-BF4B-00C04F79EFBC}") = "Starts2000", "..\Starts2000\Starts2000\Starts2000.csproj", "{B4EC8424-9B7C-4E98-B370-0400DAF61B51}"
EndProject
Project("{FAE04EC0-301F-11D3-BF4B-00C04F79EFBC}") = "Starts2000.Net", "..\Starts2000\Starts2000.Net\Starts2000.Net.csproj", "{7342C4BF-4CDF-4256-A0E4-84BB0C0FE7EB}"
EndProject
Project("{FAE04EC0-301F-11D3-BF4B-00C04F79EFBC}") = "Starts2000.Net.Codecs", "..\Starts2000\Starts2000.Net.Codecs\Starts2000.Net.Codecs.csproj", "{54960D79-62EA-497B-9295-625A4F00CD68}"
EndProject
Project("{FAE04EC0-301F-11D3-BF4B-00C04F79EFBC}") = "Starts2000.TaobaoPlatform.Models", "..\Starts2000.TaobaoPlatform.Server\Starts2000.TaobaoPlatform.Models\Starts2000.TaobaoPlatform.Models.csproj", "{86283CAD-DAF3-4D2B-8018-1A5B70D8F500}"
EndProject
Project("{FAE04EC0-301F-11D3-BF4B-00C04F79EFBC}") = "Starts2000.TaoBao.Core.Tests", "Starts2000.TaoBao.Core.Tests\Starts2000.TaoBao.Core.Tests.csproj", "{3D76E2D3-F8AC-4707-A91A-86AE83DBC01D}"
EndProject
Project("{FAE04EC0-301F-11D3-BF4B-00C04F79EFBC}") = "Starts2000.TaoBaoTool.IBll", "Starts2000.TaoBaoTool.IBll\Starts2000.TaoBaoTool.IBll.csproj", "{5B704C0E-AF24-4BD2-A55D-5FB897A304BF}"
EndProject
Project("{FAE04EC0-301F-11D3-BF4B-00C04F79EFBC}") = "Starts2000.TaoBaoTool.IDal", "Starts2000.TaoBaoTool.IDal\Starts2000.TaoBaoTool.IDal.csproj", "{943A9567-E502-4EFA-B96D-3520218BE816}"
EndProject
Project("{FAE04EC0-301F-11D3-BF4B-00C04F79EFBC}") = "Starts2000.TaoBaoTool.Client", "Starts2000.TaoBaoTool.Client\Starts2000.TaoBaoTool.Client.csproj", "{390DB726-4AE7-4175-84E1-CC1D9270CCAD}"
EndProject
Global
	GlobalSection(SolutionConfigurationPlatforms) = preSolution
		Debug|Any CPU = Debug|Any CPU
		Debug|Mixed Platforms = Debug|Mixed Platforms
		Debug|x64 = Debug|x64
		Debug|x86 = Debug|x86
		Release|Any CPU = Release|Any CPU
		Release|Mixed Platforms = Release|Mixed Platforms
		Release|x64 = Release|x64
		Release|x86 = Release|x86
	EndGlobalSection
	GlobalSection(ProjectConfigurationPlatforms) = postSolution
		{87EFF11E-2F7E-4542-BB12-C20F21961337}.Debug|Any CPU.ActiveCfg = Debug|Any CPU
		{87EFF11E-2F7E-4542-BB12-C20F21961337}.Debug|Any CPU.Build.0 = Debug|Any CPU
		{87EFF11E-2F7E-4542-BB12-C20F21961337}.Debug|Mixed Platforms.ActiveCfg = Debug|x86
		{87EFF11E-2F7E-4542-BB12-C20F21961337}.Debug|Mixed Platforms.Build.0 = Debug|x86
		{87EFF11E-2F7E-4542-BB12-C20F21961337}.Debug|x64.ActiveCfg = Debug|x64
		{87EFF11E-2F7E-4542-BB12-C20F21961337}.Debug|x64.Build.0 = Debug|x64
		{87EFF11E-2F7E-4542-BB12-C20F21961337}.Debug|x86.ActiveCfg = Debug|x86
		{87EFF11E-2F7E-4542-BB12-C20F21961337}.Debug|x86.Build.0 = Debug|x86
		{87EFF11E-2F7E-4542-BB12-C20F21961337}.Release|Any CPU.ActiveCfg = Release|x86
		{87EFF11E-2F7E-4542-BB12-C20F21961337}.Release|Any CPU.Build.0 = Release|x86
		{87EFF11E-2F7E-4542-BB12-C20F21961337}.Release|Mixed Platforms.ActiveCfg = Release|x86
		{87EFF11E-2F7E-4542-BB12-C20F21961337}.Release|Mixed Platforms.Build.0 = Release|x86
		{87EFF11E-2F7E-4542-BB12-C20F21961337}.Release|x64.ActiveCfg = Release|Any CPU
		{87EFF11E-2F7E-4542-BB12-C20F21961337}.Release|x86.ActiveCfg = Release|x86
		{87EFF11E-2F7E-4542-BB12-C20F21961337}.Release|x86.Build.0 = Release|x86
		{0B69F6B4-1B58-40F0-ACD7-85143774AE9C}.Debug|Any CPU.ActiveCfg = Debug|Any CPU
		{0B69F6B4-1B58-40F0-ACD7-85143774AE9C}.Debug|Any CPU.Build.0 = Debug|Any CPU
		{0B69F6B4-1B58-40F0-ACD7-85143774AE9C}.Debug|Mixed Platforms.ActiveCfg = Debug|x86
		{0B69F6B4-1B58-40F0-ACD7-85143774AE9C}.Debug|Mixed Platforms.Build.0 = Debug|x86
		{0B69F6B4-1B58-40F0-ACD7-85143774AE9C}.Debug|x64.ActiveCfg = Debug|x64
		{0B69F6B4-1B58-40F0-ACD7-85143774AE9C}.Debug|x64.Build.0 = Debug|x64
		{0B69F6B4-1B58-40F0-ACD7-85143774AE9C}.Debug|x86.ActiveCfg = Debug|x86
		{0B69F6B4-1B58-40F0-ACD7-85143774AE9C}.Debug|x86.Build.0 = Debug|x86
		{0B69F6B4-1B58-40F0-ACD7-85143774AE9C}.Release|Any CPU.ActiveCfg = Release|x86
		{0B69F6B4-1B58-40F0-ACD7-85143774AE9C}.Release|Any CPU.Build.0 = Release|x86
		{0B69F6B4-1B58-40F0-ACD7-85143774AE9C}.Release|Mixed Platforms.ActiveCfg = Release|x86
		{0B69F6B4-1B58-40F0-ACD7-85143774AE9C}.Release|Mixed Platforms.Build.0 = Release|x86
		{0B69F6B4-1B58-40F0-ACD7-85143774AE9C}.Release|x64.ActiveCfg = Release|Any CPU
		{0B69F6B4-1B58-40F0-ACD7-85143774AE9C}.Release|x86.ActiveCfg = Release|x86
		{0B69F6B4-1B58-40F0-ACD7-85143774AE9C}.Release|x86.Build.0 = Release|x86
		{442BC34E-8250-4B0E-B0F3-454933D88BCB}.Debug|Any CPU.ActiveCfg = Debug|Any CPU
		{442BC34E-8250-4B0E-B0F3-454933D88BCB}.Debug|Any CPU.Build.0 = Debug|Any CPU
		{442BC34E-8250-4B0E-B0F3-454933D88BCB}.Debug|Mixed Platforms.ActiveCfg = Debug|x86
		{442BC34E-8250-4B0E-B0F3-454933D88BCB}.Debug|Mixed Platforms.Build.0 = Debug|x86
		{442BC34E-8250-4B0E-B0F3-454933D88BCB}.Debug|x64.ActiveCfg = Debug|x64
		{442BC34E-8250-4B0E-B0F3-454933D88BCB}.Debug|x64.Build.0 = Debug|x64
		{442BC34E-8250-4B0E-B0F3-454933D88BCB}.Debug|x86.ActiveCfg = Debug|x86
		{442BC34E-8250-4B0E-B0F3-454933D88BCB}.Debug|x86.Build.0 = Debug|x86
		{442BC34E-8250-4B0E-B0F3-454933D88BCB}.Release|Any CPU.ActiveCfg = Release|x86
		{442BC34E-8250-4B0E-B0F3-454933D88BCB}.Release|Any CPU.Build.0 = Release|x86
		{442BC34E-8250-4B0E-B0F3-454933D88BCB}.Release|Mixed Platforms.ActiveCfg = Release|x86
		{442BC34E-8250-4B0E-B0F3-454933D88BCB}.Release|Mixed Platforms.Build.0 = Release|x86
		{442BC34E-8250-4B0E-B0F3-454933D88BCB}.Release|x64.ActiveCfg = Release|Any CPU
		{442BC34E-8250-4B0E-B0F3-454933D88BCB}.Release|x86.ActiveCfg = Release|x86
		{442BC34E-8250-4B0E-B0F3-454933D88BCB}.Release|x86.Build.0 = Release|x86
		{B4EC8424-9B7C-4E98-B370-0400DAF61B51}.Debug|Any CPU.ActiveCfg = Debug|Any CPU
		{B4EC8424-9B7C-4E98-B370-0400DAF61B51}.Debug|Any CPU.Build.0 = Debug|Any CPU
		{B4EC8424-9B7C-4E98-B370-0400DAF61B51}.Debug|Mixed Platforms.ActiveCfg = Debug|x86
		{B4EC8424-9B7C-4E98-B370-0400DAF61B51}.Debug|Mixed Platforms.Build.0 = Debug|x86
		{B4EC8424-9B7C-4E98-B370-0400DAF61B51}.Debug|x64.ActiveCfg = Debug|x64
		{B4EC8424-9B7C-4E98-B370-0400DAF61B51}.Debug|x64.Build.0 = Debug|x64
		{B4EC8424-9B7C-4E98-B370-0400DAF61B51}.Debug|x86.ActiveCfg = Debug|x86
		{B4EC8424-9B7C-4E98-B370-0400DAF61B51}.Debug|x86.Build.0 = Debug|x86
		{B4EC8424-9B7C-4E98-B370-0400DAF61B51}.Release|Any CPU.ActiveCfg = Release|x86
		{B4EC8424-9B7C-4E98-B370-0400DAF61B51}.Release|Any CPU.Build.0 = Release|x86
		{B4EC8424-9B7C-4E98-B370-0400DAF61B51}.Release|Mixed Platforms.ActiveCfg = Release|x86
		{B4EC8424-9B7C-4E98-B370-0400DAF61B51}.Release|Mixed Platforms.Build.0 = Release|x86
		{B4EC8424-9B7C-4E98-B370-0400DAF61B51}.Release|x64.ActiveCfg = Release|x64
		{B4EC8424-9B7C-4E98-B370-0400DAF61B51}.Release|x64.Build.0 = Release|x64
		{B4EC8424-9B7C-4E98-B370-0400DAF61B51}.Release|x86.ActiveCfg = Release|x86
		{B4EC8424-9B7C-4E98-B370-0400DAF61B51}.Release|x86.Build.0 = Release|x86
		{7342C4BF-4CDF-4256-A0E4-84BB0C0FE7EB}.Debug|Any CPU.ActiveCfg = Debug|Any CPU
		{7342C4BF-4CDF-4256-A0E4-84BB0C0FE7EB}.Debug|Any CPU.Build.0 = Debug|Any CPU
		{7342C4BF-4CDF-4256-A0E4-84BB0C0FE7EB}.Debug|Mixed Platforms.ActiveCfg = Debug|x86
		{7342C4BF-4CDF-4256-A0E4-84BB0C0FE7EB}.Debug|Mixed Platforms.Build.0 = Debug|x86
		{7342C4BF-4CDF-4256-A0E4-84BB0C0FE7EB}.Debug|x64.ActiveCfg = Debug|x64
		{7342C4BF-4CDF-4256-A0E4-84BB0C0FE7EB}.Debug|x64.Build.0 = Debug|x64
		{7342C4BF-4CDF-4256-A0E4-84BB0C0FE7EB}.Debug|x86.ActiveCfg = Debug|x86
		{7342C4BF-4CDF-4256-A0E4-84BB0C0FE7EB}.Debug|x86.Build.0 = Debug|x86
		{7342C4BF-4CDF-4256-A0E4-84BB0C0FE7EB}.Release|Any CPU.ActiveCfg = Release|x86
		{7342C4BF-4CDF-4256-A0E4-84BB0C0FE7EB}.Release|Any CPU.Build.0 = Release|x86
		{7342C4BF-4CDF-4256-A0E4-84BB0C0FE7EB}.Release|Mixed Platforms.ActiveCfg = Release|x86
		{7342C4BF-4CDF-4256-A0E4-84BB0C0FE7EB}.Release|Mixed Platforms.Build.0 = Release|x86
		{7342C4BF-4CDF-4256-A0E4-84BB0C0FE7EB}.Release|x64.ActiveCfg = Release|x64
		{7342C4BF-4CDF-4256-A0E4-84BB0C0FE7EB}.Release|x64.Build.0 = Release|x64
		{7342C4BF-4CDF-4256-A0E4-84BB0C0FE7EB}.Release|x86.ActiveCfg = Release|x86
		{7342C4BF-4CDF-4256-A0E4-84BB0C0FE7EB}.Release|x86.Build.0 = Release|x86
		{54960D79-62EA-497B-9295-625A4F00CD68}.Debug|Any CPU.ActiveCfg = Debug|Any CPU
		{54960D79-62EA-497B-9295-625A4F00CD68}.Debug|Any CPU.Build.0 = Debug|Any CPU
		{54960D79-62EA-497B-9295-625A4F00CD68}.Debug|Mixed Platforms.ActiveCfg = Debug|x86
		{54960D79-62EA-497B-9295-625A4F00CD68}.Debug|Mixed Platforms.Build.0 = Debug|x86
		{54960D79-62EA-497B-9295-625A4F00CD68}.Debug|x64.ActiveCfg = Debug|x64
		{54960D79-62EA-497B-9295-625A4F00CD68}.Debug|x64.Build.0 = Debug|x64
		{54960D79-62EA-497B-9295-625A4F00CD68}.Debug|x86.ActiveCfg = Debug|x86
		{54960D79-62EA-497B-9295-625A4F00CD68}.Debug|x86.Build.0 = Debug|x86
		{54960D79-62EA-497B-9295-625A4F00CD68}.Release|Any CPU.ActiveCfg = Release|x86
		{54960D79-62EA-497B-9295-625A4F00CD68}.Release|Any CPU.Build.0 = Release|x86
		{54960D79-62EA-497B-9295-625A4F00CD68}.Release|Mixed Platforms.ActiveCfg = Release|x86
		{54960D79-62EA-497B-9295-625A4F00CD68}.Release|Mixed Platforms.Build.0 = Release|x86
		{54960D79-62EA-497B-9295-625A4F00CD68}.Release|x64.ActiveCfg = Release|x64
		{54960D79-62EA-497B-9295-625A4F00CD68}.Release|x64.Build.0 = Release|x64
		{54960D79-62EA-497B-9295-625A4F00CD68}.Release|x86.ActiveCfg = Release|x86
		{54960D79-62EA-497B-9295-625A4F00CD68}.Release|x86.Build.0 = Release|x86
		{86283CAD-DAF3-4D2B-8018-1A5B70D8F500}.Debug|Any CPU.ActiveCfg = Debug|Any CPU
		{86283CAD-DAF3-4D2B-8018-1A5B70D8F500}.Debug|Any CPU.Build.0 = Debug|Any CPU
		{86283CAD-DAF3-4D2B-8018-1A5B70D8F500}.Debug|Mixed Platforms.ActiveCfg = Debug|x86
		{86283CAD-DAF3-4D2B-8018-1A5B70D8F500}.Debug|Mixed Platforms.Build.0 = Debug|x86
		{86283CAD-DAF3-4D2B-8018-1A5B70D8F500}.Debug|x64.ActiveCfg = Debug|x64
		{86283CAD-DAF3-4D2B-8018-1A5B70D8F500}.Debug|x64.Build.0 = Debug|x64
		{86283CAD-DAF3-4D2B-8018-1A5B70D8F500}.Debug|x86.ActiveCfg = Debug|x86
		{86283CAD-DAF3-4D2B-8018-1A5B70D8F500}.Debug|x86.Build.0 = Debug|x86
		{86283CAD-DAF3-4D2B-8018-1A5B70D8F500}.Release|Any CPU.ActiveCfg = Release|x86
		{86283CAD-DAF3-4D2B-8018-1A5B70D8F500}.Release|Any CPU.Build.0 = Release|x86
		{86283CAD-DAF3-4D2B-8018-1A5B70D8F500}.Release|Mixed Platforms.ActiveCfg = Release|x86
		{86283CAD-DAF3-4D2B-8018-1A5B70D8F500}.Release|Mixed Platforms.Build.0 = Release|x86
		{86283CAD-DAF3-4D2B-8018-1A5B70D8F500}.Release|x64.ActiveCfg = Release|Any CPU
		{86283CAD-DAF3-4D2B-8018-1A5B70D8F500}.Release|x86.ActiveCfg = Release|x86
		{86283CAD-DAF3-4D2B-8018-1A5B70D8F500}.Release|x86.Build.0 = Release|x86
		{3D76E2D3-F8AC-4707-A91A-86AE83DBC01D}.Debug|Any CPU.ActiveCfg = Debug|Any CPU
		{3D76E2D3-F8AC-4707-A91A-86AE83DBC01D}.Debug|Any CPU.Build.0 = Debug|Any CPU
		{3D76E2D3-F8AC-4707-A91A-86AE83DBC01D}.Debug|Mixed Platforms.ActiveCfg = Debug|x86
		{3D76E2D3-F8AC-4707-A91A-86AE83DBC01D}.Debug|Mixed Platforms.Build.0 = Debug|x86
		{3D76E2D3-F8AC-4707-A91A-86AE83DBC01D}.Debug|x64.ActiveCfg = Debug|x64
		{3D76E2D3-F8AC-4707-A91A-86AE83DBC01D}.Debug|x64.Build.0 = Debug|x64
		{3D76E2D3-F8AC-4707-A91A-86AE83DBC01D}.Debug|x86.ActiveCfg = Debug|x86
		{3D76E2D3-F8AC-4707-A91A-86AE83DBC01D}.Debug|x86.Build.0 = Debug|x86
		{3D76E2D3-F8AC-4707-A91A-86AE83DBC01D}.Release|Any CPU.ActiveCfg = Release|x86
		{3D76E2D3-F8AC-4707-A91A-86AE83DBC01D}.Release|Any CPU.Build.0 = Release|x86
		{3D76E2D3-F8AC-4707-A91A-86AE83DBC01D}.Release|Mixed Platforms.ActiveCfg = Release|x86
		{3D76E2D3-F8AC-4707-A91A-86AE83DBC01D}.Release|Mixed Platforms.Build.0 = Release|x86
		{3D76E2D3-F8AC-4707-A91A-86AE83DBC01D}.Release|x64.ActiveCfg = Release|Any CPU
		{3D76E2D3-F8AC-4707-A91A-86AE83DBC01D}.Release|x86.ActiveCfg = Release|x86
		{3D76E2D3-F8AC-4707-A91A-86AE83DBC01D}.Release|x86.Build.0 = Release|x86
		{5B704C0E-AF24-4BD2-A55D-5FB897A304BF}.Debug|Any CPU.ActiveCfg = Debug|Any CPU
		{5B704C0E-AF24-4BD2-A55D-5FB897A304BF}.Debug|Any CPU.Build.0 = Debug|Any CPU
		{5B704C0E-AF24-4BD2-A55D-5FB897A304BF}.Debug|Mixed Platforms.ActiveCfg = Debug|x86
		{5B704C0E-AF24-4BD2-A55D-5FB897A304BF}.Debug|Mixed Platforms.Build.0 = Debug|x86
		{5B704C0E-AF24-4BD2-A55D-5FB897A304BF}.Debug|x64.ActiveCfg = Debug|x64
		{5B704C0E-AF24-4BD2-A55D-5FB897A304BF}.Debug|x64.Build.0 = Debug|x64
		{5B704C0E-AF24-4BD2-A55D-5FB897A304BF}.Debug|x86.ActiveCfg = Debug|x86
		{5B704C0E-AF24-4BD2-A55D-5FB897A304BF}.Debug|x86.Build.0 = Debug|x86
		{5B704C0E-AF24-4BD2-A55D-5FB897A304BF}.Release|Any CPU.ActiveCfg = Release|x86
		{5B704C0E-AF24-4BD2-A55D-5FB897A304BF}.Release|Any CPU.Build.0 = Release|x86
		{5B704C0E-AF24-4BD2-A55D-5FB897A304BF}.Release|Mixed Platforms.ActiveCfg = Release|x86
		{5B704C0E-AF24-4BD2-A55D-5FB897A304BF}.Release|Mixed Platforms.Build.0 = Release|x86
		{5B704C0E-AF24-4BD2-A55D-5FB897A304BF}.Release|x64.ActiveCfg = Release|Any CPU
		{5B704C0E-AF24-4BD2-A55D-5FB897A304BF}.Release|x86.ActiveCfg = Release|x86
		{5B704C0E-AF24-4BD2-A55D-5FB897A304BF}.Release|x86.Build.0 = Release|x86
		{943A9567-E502-4EFA-B96D-3520218BE816}.Debug|Any CPU.ActiveCfg = Debug|Any CPU
		{943A9567-E502-4EFA-B96D-3520218BE816}.Debug|Any CPU.Build.0 = Debug|Any CPU
		{943A9567-E502-4EFA-B96D-3520218BE816}.Debug|Mixed Platforms.ActiveCfg = Debug|x86
		{943A9567-E502-4EFA-B96D-3520218BE816}.Debug|Mixed Platforms.Build.0 = Debug|x86
		{943A9567-E502-4EFA-B96D-3520218BE816}.Debug|x64.ActiveCfg = Debug|Any CPU
		{943A9567-E502-4EFA-B96D-3520218BE816}.Debug|x86.ActiveCfg = Debug|x86
		{943A9567-E502-4EFA-B96D-3520218BE816}.Debug|x86.Build.0 = Debug|x86
		{943A9567-E502-4EFA-B96D-3520218BE816}.Release|Any CPU.ActiveCfg = Release|Any CPU
		{943A9567-E502-4EFA-B96D-3520218BE816}.Release|Any CPU.Build.0 = Release|Any CPU
		{943A9567-E502-4EFA-B96D-3520218BE816}.Release|Mixed Platforms.ActiveCfg = Release|x86
		{943A9567-E502-4EFA-B96D-3520218BE816}.Release|Mixed Platforms.Build.0 = Release|x86
		{943A9567-E502-4EFA-B96D-3520218BE816}.Release|x64.ActiveCfg = Release|Any CPU
		{943A9567-E502-4EFA-B96D-3520218BE816}.Release|x86.ActiveCfg = Release|x86
		{943A9567-E502-4EFA-B96D-3520218BE816}.Release|x86.Build.0 = Release|x86
		{390DB726-4AE7-4175-84E1-CC1D9270CCAD}.Debug|Any CPU.ActiveCfg = Debug|Any CPU
		{390DB726-4AE7-4175-84E1-CC1D9270CCAD}.Debug|Any CPU.Build.0 = Debug|Any CPU
		{390DB726-4AE7-4175-84E1-CC1D9270CCAD}.Debug|Mixed Platforms.ActiveCfg = Debug|x86
		{390DB726-4AE7-4175-84E1-CC1D9270CCAD}.Debug|Mixed Platforms.Build.0 = Debug|x86
		{390DB726-4AE7-4175-84E1-CC1D9270CCAD}.Debug|x64.ActiveCfg = Debug|Any CPU
		{390DB726-4AE7-4175-84E1-CC1D9270CCAD}.Debug|x86.ActiveCfg = Debug|x86
		{390DB726-4AE7-4175-84E1-CC1D9270CCAD}.Debug|x86.Build.0 = Debug|x86
		{390DB726-4AE7-4175-84E1-CC1D9270CCAD}.Release|Any CPU.ActiveCfg = Release|Any CPU
		{390DB726-4AE7-4175-84E1-CC1D9270CCAD}.Release|Any CPU.Build.0 = Release|Any CPU
		{390DB726-4AE7-4175-84E1-CC1D9270CCAD}.Release|Mixed Platforms.ActiveCfg = Release|Any CPU
		{390DB726-4AE7-4175-84E1-CC1D9270CCAD}.Release|Mixed Platforms.Build.0 = Release|Any CPU
		{390DB726-4AE7-4175-84E1-CC1D9270CCAD}.Release|x64.ActiveCfg = Release|Any CPU
		{390DB726-4AE7-4175-84E1-CC1D9270CCAD}.Release|x86.ActiveCfg = Release|x86
		{390DB726-4AE7-4175-84E1-CC1D9270CCAD}.Release|x86.Build.0 = Release|x86
	EndGlobalSection
	GlobalSection(SolutionProperties) = preSolution
		HideSolutionNode = FALSE
	EndGlobalSection
EndGlobal
